
Microsoft Visual Studio Solution File, Format Version 12.00
# Visual Studio Version 17
VisualStudioVersion = 17.6.33801.468
MinimumVisualStudioVersion = 10.0.40219.1
Project("{9A19103F-16F7-4668-BE54-9A1E7A4F7556}") = "ConfigurationManager", "ConfigurationManager\ConfigurationManager.csproj", "{46A1B213-9D7D-440F-86EC-B92F7EED11DB}"
EndProject
Project("{9A19103F-16F7-4668-BE54-9A1E7A4F7556}") = "CustomAssetLoader", "CustomAssetLoader\CustomAssetLoader.csproj", "{959CA579-AEB4-443E-BE08-95A42CC45C0F}"
EndProject
Project("{9A19103F-16F7-4668-BE54-9A1E7A4F7556}") = "DressCode", "DressCode\DressCode.csproj", "{DB9F67CF-4A87-43BF-869B-7AF5B3120E50}"
EndProject
Project("{9A19103F-16F7-4668-BE54-9A1E7A4F7556}") = "Graphics", "Graphics\Graphics.csproj", "{CF400FAD-DF69-48C7-9DC3-846A8F43F64D}"
EndProject
Global
	GlobalSection(SolutionConfigurationPlatforms) = preSolution
		Debug|Any CPU = Debug|Any CPU
		Release|Any CPU = Release|Any CPU
	EndGlobalSection
	GlobalSection(ProjectConfigurationPlatforms) = postSolution
		{46A1B213-9D7D-440F-86EC-B92F7EED11DB}.Debug|Any CPU.ActiveCfg = Debug|Any CPU
		{46A1B213-9D7D-440F-86EC-B92F7EED11DB}.Debug|Any CPU.Build.0 = Debug|Any CPU
		{46A1B213-9D7D-440F-86EC-B92F7EED11DB}.Release|Any CPU.ActiveCfg = Release|Any CPU
		{46A1B213-9D7D-440F-86EC-B92F7EED11DB}.Release|Any CPU.Build.0 = Release|Any CPU
		{959CA579-AEB4-443E-BE08-95A42CC45C0F}.Debug|Any CPU.ActiveCfg = Debug|Any CPU
		{959CA579-AEB4-443E-BE08-95A42CC45C0F}.Debug|Any CPU.Build.0 = Debug|Any CPU
		{959CA579-AEB4-443E-BE08-95A42CC45C0F}.Release|Any CPU.ActiveCfg = Release|Any CPU
		{959CA579-AEB4-443E-BE08-95A42CC45C0F}.Release|Any CPU.Build.0 = Release|Any CPU
		{DB9F67CF-4A87-43BF-869B-7AF5B3120E50}.Debug|Any CPU.ActiveCfg = Debug|Any CPU
		{DB9F67CF-4A87-43BF-869B-7AF5B3120E50}.Debug|Any CPU.Build.0 = Debug|Any CPU
		{DB9F67CF-4A87-43BF-869B-7AF5B3120E50}.Release|Any CPU.ActiveCfg = Release|Any CPU
		{DB9F67CF-4A87-43BF-869B-7AF5B3120E50}.Release|Any CPU.Build.0 = Release|Any CPU
		{CF400FAD-DF69-48C7-9DC3-846A8F43F64D}.Debug|Any CPU.ActiveCfg = Debug|Any CPU
		{CF400FAD-DF69-48C7-9DC3-846A8F43F64D}.Debug|Any CPU.Build.0 = Debug|Any CPU
		{CF400FAD-DF69-48C7-9DC3-846A8F43F64D}.Release|Any CPU.ActiveCfg = Release|Any CPU
		{CF400FAD-DF69-48C7-9DC3-846A8F43F64D}.Release|Any CPU.Build.0 = Release|Any CPU
	EndGlobalSection
	GlobalSection(SolutionProperties) = preSolution
		HideSolutionNode = FALSE
	EndGlobalSection
	GlobalSection(ExtensibilityGlobals) = postSolution
		SolutionGuid = {ADEA14AD-68CD-4FAF-8D13-56F13C4FBE3E}
	EndGlobalSection
EndGlobal
